
Microsoft Visual Studio Solution File, Format Version 12.00
# Visual Studio Version 17
VisualStudioVersion = 17.2.32616.157
MinimumVisualStudioVersion = 10.0.40219.1
Project("{FAE04EC0-301F-11D3-BF4B-00C04F79EFBC}") = "Lab12App1", "Lab12App1\Lab12App1.csproj", "{34EFA2ED-8B5F-4810-9A89-ED258ADA0E06}"
EndProject
Global
	GlobalSection(SolutionConfigurationPlatforms) = preSolution
		Debug|Any CPU = Debug|Any CPU
		Release|Any CPU = Release|Any CPU
	EndGlobalSection
	GlobalSection(ProjectConfigurationPlatforms) = postSolution
		{34EFA2ED-8B5F-4810-9A89-ED258ADA0E06}.Debug|Any CPU.ActiveCfg = Debug|Any CPU
		{34EFA2ED-8B5F-4810-9A89-ED258ADA0E06}.Debug|Any CPU.Build.0 = Debug|Any CPU
		{34EFA2ED-8B5F-4810-9A89-ED258ADA0E06}.Release|Any CPU.ActiveCfg = Release|Any CPU
		{34EFA2ED-8B5F-4810-9A89-ED258ADA0E06}.Release|Any CPU.Build.0 = Release|Any CPU
	EndGlobalSection
	GlobalSection(SolutionProperties) = preSolution
		HideSolutionNode = FALSE
	EndGlobalSection
	GlobalSection(ExtensibilityGlobals) = postSolution
		SolutionGuid = {A6468A60-872D-4FBA-BCA1-2B8927BC1532}
	EndGlobalSection
EndGlobal
